Microsoft Visual Studio Solution File, Format Version 12.00
# Visual Studio 2012
Project("{FAE04EC0-301F-11D3-BF4B-00C04F79EFBC}") = "SlayTheSpire", "SlayTheSpire.csproj", "{A915DF2A-A1EF-4722-BE1C-17344979894A}"
EndProject
Global
	GlobalSection(SolutionConfigurationPlatforms) = preSolution
	Debug|Any CPU = Debug|Any CPU
	ExportDebug|Any CPU = ExportDebug|Any CPU
	ExportRelease|Any CPU = ExportRelease|Any CPU
	EndGlobalSection
	GlobalSection(ProjectConfigurationPlatforms) = postSolution
		{A915DF2A-A1EF-4722-BE1C-17344979894A}.Debug|Any CPU.ActiveCfg = Debug|Any CPU
		{A915DF2A-A1EF-4722-BE1C-17344979894A}.Debug|Any CPU.Build.0 = Debug|Any CPU
		{A915DF2A-A1EF-4722-BE1C-17344979894A}.ExportDebug|Any CPU.ActiveCfg = ExportDebug|Any CPU
		{A915DF2A-A1EF-4722-BE1C-17344979894A}.ExportDebug|Any CPU.Build.0 = ExportDebug|Any CPU
		{A915DF2A-A1EF-4722-BE1C-17344979894A}.ExportRelease|Any CPU.ActiveCfg = ExportRelease|Any CPU
		{A915DF2A-A1EF-4722-BE1C-17344979894A}.ExportRelease|Any CPU.Build.0 = ExportRelease|Any CPU
	EndGlobalSection
EndGlobal
